
Microsoft Visual Studio Solution File, Format Version 12.00
# Visual Studio Version 16
VisualStudioVersion = 16.0.30621.155
MinimumVisualStudioVersion = 10.0.40219.1
Project("{FAE04EC0-301F-11D3-BF4B-00C04F79EFBC}") = "SP_Tema4_Ej3", "SP_Tema4_Ej3\SP_Tema4_Ej3.csproj", "{02C46173-AE18-4BA1-A7C4-ECD376819569}"
EndProject
Global
	GlobalSection(SolutionConfigurationPlatforms) = preSolution
		Debug|Any CPU = Debug|Any CPU
		Release|Any CPU = Release|Any CPU
	EndGlobalSection
	GlobalSection(ProjectConfigurationPlatforms) = postSolution
		{02C46173-AE18-4BA1-A7C4-ECD376819569}.Debug|Any CPU.ActiveCfg = Debug|Any CPU
		{02C46173-AE18-4BA1-A7C4-ECD376819569}.Debug|Any CPU.Build.0 = Debug|Any CPU
		{02C46173-AE18-4BA1-A7C4-ECD376819569}.Release|Any CPU.ActiveCfg = Release|Any CPU
		{02C46173-AE18-4BA1-A7C4-ECD376819569}.Release|Any CPU.Build.0 = Release|Any CPU
	EndGlobalSection
	GlobalSection(SolutionProperties) = preSolution
		HideSolutionNode = FALSE
	EndGlobalSection
	GlobalSection(ExtensibilityGlobals) = postSolution
		SolutionGuid = {7481164B-C809-471F-A251-77A0EDAE7ECF}
	EndGlobalSection
EndGlobal
